core:changelogs:
  - content: "---\npackages:\n  cargo:satelle:\n    type: patch\n---\n\n## Installation\n\nPublish the current Satelle release through npm and native archives.\n"
    filename: 2026-09-28-draft-release-access.md
    v: 0.0.0
core:packages:
  - id: npm:satelle-repository
    updated: false
  - id: npm:satelle-docs
    updated: false
  - changelogIds:
      - 2026-09-28-draft-release-access.md
    id: cargo:satelle
    updated: true
npm:packages:
  - id: npm:satelle-repository
  - id: npm:satelle-docs
