core:changelogs:
  - content: "---\npackages:\n  cargo:satelle:\n    type: patch\n---\n\n## Installation\n\nRelease the latest managed Codex setup and Host automation through npm and\nnative archives. This replaces the partially published npm version 0.1.15.\n"
    filename: 2026-09-28-local-npm-release.md
    v: 0.0.0
core:packages:
  - id: npm:satelle-repository
    updated: false
  - id: npm:satelle-docs
    updated: false
  - changelogIds:
      - 2026-09-28-local-npm-release.md
    id: cargo:satelle
    updated: true
npm:packages:
  - id: npm:satelle-repository
  - id: npm:satelle-docs
